
Microsoft Visual Studio Solution File, Format Version 12.00
Project("{FAE04EC0-301F-11D3-BF4B-00C04F79EFBC}") = "Domain", "..\Domain\Domain.csproj", "{3E2FA6FC-AA8E-4986-9501-8E90AD1A476C}"
EndProject
Project("{FAE04EC0-301F-11D3-BF4B-00C04F79EFBC}") = "HttpClients", "..\HttpClients\HttpClients.csproj", "{9DC442D1-698F-40CE-B23F-AFE5E3782DE5}"
EndProject
Project("{FAE04EC0-301F-11D3-BF4B-00C04F79EFBC}") = "BlazorOS", "..\BlazorOS\BlazorOS.csproj", "{6A4BE922-7214-48B6-9AD8-95FCCF4CAE1B}"
EndProject
Global
	GlobalSection(SolutionConfigurationPlatforms) = preSolution
		Debug|Any CPU = Debug|Any CPU
		Release|Any CPU = Release|Any CPU
	EndGlobalSection
	GlobalSection(ProjectConfigurationPlatforms) = postSolution
		{3E2FA6FC-AA8E-4986-9501-8E90AD1A476C}.Debug|Any CPU.ActiveCfg = Debug|Any CPU
		{3E2FA6FC-AA8E-4986-9501-8E90AD1A476C}.Debug|Any CPU.Build.0 = Debug|Any CPU
		{3E2FA6FC-AA8E-4986-9501-8E90AD1A476C}.Release|Any CPU.ActiveCfg = Release|Any CPU
		{3E2FA6FC-AA8E-4986-9501-8E90AD1A476C}.Release|Any CPU.Build.0 = Release|Any CPU
		{9DC442D1-698F-40CE-B23F-AFE5E3782DE5}.Debug|Any CPU.ActiveCfg = Debug|Any CPU
		{9DC442D1-698F-40CE-B23F-AFE5E3782DE5}.Debug|Any CPU.Build.0 = Debug|Any CPU
		{9DC442D1-698F-40CE-B23F-AFE5E3782DE5}.Release|Any CPU.ActiveCfg = Release|Any CPU
		{9DC442D1-698F-40CE-B23F-AFE5E3782DE5}.Release|Any CPU.Build.0 = Release|Any CPU
		{6A4BE922-7214-48B6-9AD8-95FCCF4CAE1B}.Debug|Any CPU.ActiveCfg = Debug|Any CPU
		{6A4BE922-7214-48B6-9AD8-95FCCF4CAE1B}.Debug|Any CPU.Build.0 = Debug|Any CPU
		{6A4BE922-7214-48B6-9AD8-95FCCF4CAE1B}.Release|Any CPU.ActiveCfg = Release|Any CPU
		{6A4BE922-7214-48B6-9AD8-95FCCF4CAE1B}.Release|Any CPU.Build.0 = Release|Any CPU
	EndGlobalSection
EndGlobal
