
Microsoft Visual Studio Solution File, Format Version 12.00
Project("{FAE04EC0-301F-11D3-BF4B-00C04F79EFBC}") = "Domain", "Domain\Domain.csproj", "{A28244D0-CEDD-4673-8F4A-0F736E59BDA9}"
EndProject
Project("{FAE04EC0-301F-11D3-BF4B-00C04F79EFBC}") = "WebAPI", "WebAPI\WebAPI.csproj", "{9B85496A-C280-4983-9E46-6D3D3EBC408C}"
EndProject
Project("{FAE04EC0-301F-11D3-BF4B-00C04F79EFBC}") = "Application", "Application\Application.csproj", "{BE922B5F-2689-4621-8887-8FEA9F28B523}"
EndProject
Project("{FAE04EC0-301F-11D3-BF4B-00C04F79EFBC}") = "FileData", "FileData\FileData.csproj", "{D5AB779A-38DE-408F-A383-868C83122966}"
EndProject
Project("{FAE04EC0-301F-11D3-BF4B-00C04F79EFBC}") = "BlazorOS", "BlazorOS\BlazorOS.csproj", "{E8582F54-BA4D-4F55-B8E8-BC76F98FA1A2}"
EndProject
Project("{FAE04EC0-301F-11D3-BF4B-00C04F79EFBC}") = "HttpClients", "HttpClients\HttpClients.csproj", "{6C168EE4-45F9-467B-8DAB-F5EEFFF5C6A4}"
EndProject
Project("{FAE04EC0-301F-11D3-BF4B-00C04F79EFBC}") = "GrpcDataAccess", "GrpcDataAccess\GrpcDataAccess.csproj", "{6D93BC57-A434-40F8-8BF8-4EDACF7329E7}"
EndProject
Global
	GlobalSection(SolutionConfigurationPlatforms) = preSolution
		Debug|Any CPU = Debug|Any CPU
		Release|Any CPU = Release|Any CPU
	EndGlobalSection
	GlobalSection(ProjectConfigurationPlatforms) = postSolution
		{A28244D0-CEDD-4673-8F4A-0F736E59BDA9}.Debug|Any CPU.ActiveCfg = Debug|Any CPU
		{A28244D0-CEDD-4673-8F4A-0F736E59BDA9}.Debug|Any CPU.Build.0 = Debug|Any CPU
		{A28244D0-CEDD-4673-8F4A-0F736E59BDA9}.Release|Any CPU.ActiveCfg = Release|Any CPU
		{A28244D0-CEDD-4673-8F4A-0F736E59BDA9}.Release|Any CPU.Build.0 = Release|Any CPU
		{9B85496A-C280-4983-9E46-6D3D3EBC408C}.Debug|Any CPU.ActiveCfg = Debug|Any CPU
		{9B85496A-C280-4983-9E46-6D3D3EBC408C}.Debug|Any CPU.Build.0 = Debug|Any CPU
		{9B85496A-C280-4983-9E46-6D3D3EBC408C}.Release|Any CPU.ActiveCfg = Release|Any CPU
		{9B85496A-C280-4983-9E46-6D3D3EBC408C}.Release|Any CPU.Build.0 = Release|Any CPU
		{BE922B5F-2689-4621-8887-8FEA9F28B523}.Debug|Any CPU.ActiveCfg = Debug|Any CPU
		{BE922B5F-2689-4621-8887-8FEA9F28B523}.Debug|Any CPU.Build.0 = Debug|Any CPU
		{BE922B5F-2689-4621-8887-8FEA9F28B523}.Release|Any CPU.ActiveCfg = Release|Any CPU
		{BE922B5F-2689-4621-8887-8FEA9F28B523}.Release|Any CPU.Build.0 = Release|Any CPU
		{D5AB779A-38DE-408F-A383-868C83122966}.Debug|Any CPU.ActiveCfg = Debug|Any CPU
		{D5AB779A-38DE-408F-A383-868C83122966}.Debug|Any CPU.Build.0 = Debug|Any CPU
		{D5AB779A-38DE-408F-A383-868C83122966}.Release|Any CPU.ActiveCfg = Release|Any CPU
		{D5AB779A-38DE-408F-A383-868C83122966}.Release|Any CPU.Build.0 = Release|Any CPU
		{E8582F54-BA4D-4F55-B8E8-BC76F98FA1A2}.Debug|Any CPU.ActiveCfg = Debug|Any CPU
		{E8582F54-BA4D-4F55-B8E8-BC76F98FA1A2}.Debug|Any CPU.Build.0 = Debug|Any CPU
		{E8582F54-BA4D-4F55-B8E8-BC76F98FA1A2}.Release|Any CPU.ActiveCfg = Release|Any CPU
		{E8582F54-BA4D-4F55-B8E8-BC76F98FA1A2}.Release|Any CPU.Build.0 = Release|Any CPU
		{6C168EE4-45F9-467B-8DAB-F5EEFFF5C6A4}.Debug|Any CPU.ActiveCfg = Debug|Any CPU
		{6C168EE4-45F9-467B-8DAB-F5EEFFF5C6A4}.Debug|Any CPU.Build.0 = Debug|Any CPU
		{6C168EE4-45F9-467B-8DAB-F5EEFFF5C6A4}.Release|Any CPU.ActiveCfg = Release|Any CPU
		{6C168EE4-45F9-467B-8DAB-F5EEFFF5C6A4}.Release|Any CPU.Build.0 = Release|Any CPU
		{6D93BC57-A434-40F8-8BF8-4EDACF7329E7}.Debug|Any CPU.ActiveCfg = Debug|Any CPU
		{6D93BC57-A434-40F8-8BF8-4EDACF7329E7}.Debug|Any CPU.Build.0 = Debug|Any CPU
		{6D93BC57-A434-40F8-8BF8-4EDACF7329E7}.Release|Any CPU.ActiveCfg = Release|Any CPU
		{6D93BC57-A434-40F8-8BF8-4EDACF7329E7}.Release|Any CPU.Build.0 = Release|Any CPU
	EndGlobalSection
EndGlobal
